
Microsoft Visual Studio Solution File, Format Version 12.00
Project("{FAE04EC0-301F-11D3-BF4B-00C04F79EFBC}") = "EcommSimpleShop", "EcommSimpleShop\EcommSimpleShop.csproj", "{71186A87-C8F4-4184-9146-20A37F70FA0A}"
EndProject
Global
	GlobalSection(SolutionConfigurationPlatforms) = preSolution
		Debug|Any CPU = Debug|Any CPU
		Release|Any CPU = Release|Any CPU
	EndGlobalSection
	GlobalSection(ProjectConfigurationPlatforms) = postSolution
		{71186A87-C8F4-4184-9146-20A37F70FA0A}.Debug|Any CPU.ActiveCfg = Debug|Any CPU
		{71186A87-C8F4-4184-9146-20A37F70FA0A}.Debug|Any CPU.Build.0 = Debug|Any CPU
		{71186A87-C8F4-4184-9146-20A37F70FA0A}.Release|Any CPU.ActiveCfg = Release|Any CPU
		{71186A87-C8F4-4184-9146-20A37F70FA0A}.Release|Any CPU.Build.0 = Release|Any CPU
	EndGlobalSection
EndGlobal
